// !$*UTF8*$!
{
	archiveVersion = 1;
	classes = {
	};
	objectVersion = 46;
	objects = {

/* Begin PBXBuildFile section */
		C900147A1B5F80D7005866E0 /* AppDelegate.swift in Sources */ = {isa = PBXBuildFile; fileRef = C90014791B5F80D7005866E0 /* AppDelegate.swift */; };
		C900147C1B5F80D7005866E0 /* MapViewController.swift in Sources */ = {isa = PBXBuildFile; fileRef = C900147B1B5F80D7005866E0 /* MapViewController.swift */; };
		C900147F1B5F80D7005866E0 /* Main.storyboard in Resources */ = {isa = PBXBuildFile; fileRef = C900147D1B5F80D7005866E0 /* Main.storyboard */; };
		C90014811B5F80D7005866E0 /* Images.xcassets in Resources */ = {isa = PBXBuildFile; fileRef = C90014801B5F80D7005866E0 /* Images.xcassets */; };
		C90014841B5F80D7005866E0 /* LaunchScreen.xib in Resources */ = {isa = PBXBuildFile; fileRef = C90014821B5F80D7005866E0 /* LaunchScreen.xib */; };
		C90014901B5F80D7005866E0 /* Virtual_TuristTests.swift in Sources */ = {isa = PBXBuildFile; fileRef = C900148F1B5F80D7005866E0 /* Virtual_TuristTests.swift */; };
/* End PBXBuildFile section */

/* Begin PBXContainerItemProxy section */
		C900148A1B5F80D7005866E0 /* PBXContainerItemProxy */ = {
			isa = PBXContainerItemProxy;
			containerPortal = C900146C1B5F80D7005866E0 /* Project object */;
			proxyType = 1;
			remoteGlobalIDString = C90014731B5F80D7005866E0;
			remoteInfo = "Virtual Turist";
		};
/* End PBXContainerItemProxy section */

/* Begin PBXFileReference section */
		C90014741B5F80D7005866E0 /* Virtual Turist.app */ = {isa = PBXFileReference; explicitFileType = wrapper.application; includeInIndex = 0; path = "Virtual Turist.app"; sourceTree = BUILT_PRODUCTS_DIR; };
		C90014781B5F80D7005866E0 /* Info.plist */ = {isa = PBXFileReference; lastKnownFileType = text.plist.xml; path = Info.plist; sourceTree = "<group>"; };
		C90014791B5F80D7005866E0 /* AppDelegate.swift */ = {isa = PBXFileReference; lastKnownFileType = sourcecode.swift; path = AppDelegate.swift; sourceTree = "<group>"; };
		C900147B1B5F80D7005866E0 /* MapViewController.swift */ = {isa = PBXFileReference; lastKnownFileType = sourcecode.swift; path = MapViewController.swift; sourceTree = "<group>"; };
		C900147E1B5F80D7005866E0 /* Base */ = {isa = PBXFileReference; lastKnownFileType = file.storyboard; name = Base; path = Base.lproj/Main.storyboard; sourceTree = "<group>"; };
		C90014801B5F80D7005866E0 /* Images.xcassets */ = {isa = PBXFileReference; lastKnownFileType = folder.assetcatalog; path = Images.xcassets; sourceTree = "<group>"; };
		C90014831B5F80D7005866E0 /* Base */ = {isa = PBXFileReference; lastKnownFileType = file.xib; name = Base; path = Base.lproj/LaunchScreen.xib; sourceTree = "<group>"; };
		C90014891B5F80D7005866E0 /* Virtual TuristTests.xctest */ = {isa = PBXFileReference; explicitFileType = wrapper.cfbundle; includeInIndex = 0; path = "Virtual TuristTests.xctest"; sourceTree = BUILT_PRODUCTS_DIR; };
		C900148E1B5F80D7005866E0 /* Info.plist */ = {isa = PBXFileReference; lastKnownFileType = text.plist.xml; path = Info.plist; sourceTree = "<group>"; };
		C900148F1B5F80D7005866E0 /* Virtual_TuristTests.swift */ = {isa = PBXFileReference; lastKnownFileType = sourcecode.swift; path = Virtual_TuristTests.swift; sourceTree = "<group>"; };
/* End PBXFileReference section */

/* Begin PBXFrameworksBuildPhase section */
		C90014711B5F80D7005866E0 /* Frameworks */ = {
			isa = PBXFrameworksBuildPhase;
			buildActionMask = 2147483647;
			files = (
			);
			runOnlyForDeploymentPostprocessing = 0;
		};
		C90014861B5F80D7005866E0 /* Frameworks */ = {
			isa = PBXFrameworksBuildPhase;
			buildActionMask = 2147483647;
			files = (
			);
			runOnlyForDeploymentPostprocessing = 0;
		};
/* End PBXFrameworksBuildPhase section */

/* Begin PBXGroup section */
		C900146B1B5F80D7005866E0 = {
			isa = PBXGroup;
			children = (
				C90014761B5F80D7005866E0 /* Virtual Turist */,
				C900148C1B5F80D7005866E0 /* Virtual TuristTests */,
				C90014751B5F80D7005866E0 /* Products */,
			);
			sourceTree = "<group>";
		};
		C90014751B5F80D7005866E0 /* Products */ = {
			isa = PBXGroup;
			children = (
				C90014741B5F80D7005866E0 /* Virtual Turist.app */,
				C90014891B5F80D7005866E0 /* Virtual TuristTests.xctest */,
			);
			name = Products;
			sourceTree = "<group>";
		};
		C90014761B5F80D7005866E0 /* Virtual Turist */ = {
			isa = PBXGroup;
			children = (
				C90014791B5F80D7005866E0 /* AppDelegate.swift */,
				C900147B1B5F80D7005866E0 /* MapViewController.swift */,
				C900147D1B5F80D7005866E0 /* Main.storyboard */,
				C90014801B5F80D7005866E0 /* Images.xcassets */,
				C90014821B5F80D7005866E0 /* LaunchScreen.xib */,
				C90014771B5F80D7005866E0 /* Supporting Files */,
			);
			path = "Virtual Turist";
			sourceTree = "<group>";
		};
		C90014771B5F80D7005866E0 /* Supporting Files */ = {
			isa = PBXGroup;
			children = (
				C90014781B5F80D7005866E0 /* Info.plist */,
			);
			name = "Supporting Files";
			sourceTree = "<group>";
		};
		C900148C1B5F80D7005866E0 /* Virtual TuristTests */ = {
			isa = PBXGroup;
			children = (
				C900148F1B5F80D7005866E0 /* Virtual_TuristTests.swift */,
				C900148D1B5F80D7005866E0 /* Supporting Files */,
			);
			path = "Virtual TuristTests";
			sourceTree = "<group>";
		};
		C900148D1B5F80D7005866E0 /* Supporting Files */ = {
			isa = PBXGroup;
			children = (
				C900148E1B5F80D7005866E0 /* Info.plist */,
			);
			name = "Supporting Files";
			sourceTree = "<group>";
		};
/* End PBXGroup section */

/* Begin PBXNativeTarget section */
		C90014731B5F80D7005866E0 /* Virtual Turist */ = {
			isa = PBXNativeTarget;
			buildConfigurationList = C90014931B5F80D7005866E0 /* Build configuration list for PBXNativeTarget "Virtual Turist" */;
			buildPhases = (
				C90014701B5F80D7005866E0 /* Sources */,
				C90014711B5F80D7005866E0 /* Frameworks */,
				C90014721B5F80D7005866E0 /* Resources */,
			);
			buildRules = (
			);
			dependencies = (
			);
			name = "Virtual Turist";
			productName = "Virtual Turist";
			productReference = C90014741B5F80D7005866E0 /* Virtual Turist.app */;
			productType = "com.apple.product-type.application";
		};
		C90014881B5F80D7005866E0 /* Virtual TuristTests */ = {
			isa = PBXNativeTarget;
			buildConfigurationList = C90014961B5F80D7005866E0 /* Build configuration list for PBXNativeTarget "Virtual TuristTests" */;
			buildPhases = (
				C90014851B5F80D7005866E0 /* Sources */,
				C90014861B5F80D7005866E0 /* Frameworks */,
				C90014871B5F80D7005866E0 /* Resources */,
			);
			buildRules = (
			);
			dependencies = (
				C900148B1B5F80D7005866E0 /* PBXTargetDependency */,
			);
			name = "Virtual TuristTests";
			productName = "Virtual TuristTests";
			productReference = C90014891B5F80D7005866E0 /* Virtual TuristTests.xctest */;
			productType = "com.apple.product-type.bundle.unit-test";
		};
/* End PBXNativeTarget section */

/* Begin PBXProject section */
		C900146C1B5F80D7005866E0 /* Project object */ = {
			isa = PBXProject;
			attributes = {
				LastUpgradeCheck = 0640;
				ORGANIZATIONNAME = "Kinan Turman";
				TargetAttributes = {
					C90014731B5F80D7005866E0 = {
						CreatedOnToolsVersion = 6.4;
					};
					C90014881B5F80D7005866E0 = {
						CreatedOnToolsVersion = 6.4;
						TestTargetID = C90014731B5F80D7005866E0;
					};
				};
			};
			buildConfigurationList = C900146F1B5F80D7005866E0 /* Build configuration list for PBXProject "Virtual Turist" */;
			compatibilityVersion = "Xcode 3.2";
			developmentRegion = English;
			hasScannedForEncodings = 0;
			knownRegions = (
				en,
				Base,
			);
			mainGroup = C900146B1B5F80D7005866E0;
			productRefGroup = C90014751B5F80D7005866E0 /* Products */;
			projectDirPath = "";
			projectRoot = "";
			targets = (
				C90014731B5F80D7005866E0 /* Virtual Turist */,
				C90014881B5F80D7005866E0 /* Virtual TuristTests */,
			);
		};
/* End PBXProject section */

/* Begin PBXResourcesBuildPhase section */
		C90014721B5F80D7005866E0 /* Resources */ = {
			isa = PBXResourcesBuildPhase;
			buildActionMask = 2147483647;
			files = (
				C900147F1B5F80D7005866E0 /* Main.storyboard in Resources */,
				C90014841B5F80D7005866E0 /* LaunchScreen.xib in Resources */,
				C90014811B5F80D7005866E0 /* Images.xcassets in Resources */,
			);
			runOnlyForDeploymentPostprocessing = 0;
		};
		C90014871B5F80D7005866E0 /* Resources */ = {
			isa = PBXResourcesBuildPhase;
			buildActionMask = 2147483647;
			files = (
			);
			runOnlyForDeploymentPostprocessing = 0;
		};
/* End PBXResourcesBuildPhase section */

/* Begin PBXSourcesBuildPhase section */
		C90014701B5F80D7005866E0 /* Sources */ = {
			isa = PBXSourcesBuildPhase;
			buildActionMask = 2147483647;
			files = (
				C900147C1B5F80D7005866E0 /* MapViewController.swift in Sources */,
				C900147A1B5F80D7005866E0 /* AppDelegate.swift in Sources */,
			);
			runOnlyForDeploymentPostprocessing = 0;
		};
		C90014851B5F80D7005866E0 /* Sources */ = {
			isa = PBXSourcesBuildPhase;
			buildActionMask = 2147483647;
			files = (
				C90014901B5F80D7005866E0 /* Virtual_TuristTests.swift in Sources */,
			);
			runOnlyForDeploymentPostprocessing = 0;
		};
/* End PBXSourcesBuildPhase section */

/* Begin PBXTargetDependency section */
		C900148B1B5F80D7005866E0 /* PBXTargetDependency */ = {
			isa = PBXTargetDependency;
			target = C90014731B5F80D7005866E0 /* Virtual Turist */;
			targetProxy = C900148A1B5F80D7005866E0 /* PBXContainerItemProxy */;
		};
/* End PBXTargetDependency section */

/* Begin PBXVariantGroup section */
		C900147D1B5F80D7005866E0 /* Main.storyboard */ = {
			isa = PBXVariantGroup;
			children = (
				C900147E1B5F80D7005866E0 /* Base */,
			);
			name = Main.storyboard;
			sourceTree = "<group>";
		};
		C90014821B5F80D7005866E0 /* LaunchScreen.xib */ = {
			isa = PBXVariantGroup;
			children = (
				C90014831B5F80D7005866E0 /* Base */,
			);
			name = LaunchScreen.xib;
			sourceTree = "<group>";
		};
/* End PBXVariantGroup section */

/* Begin XCBuildConfiguration section */
		C90014911B5F80D7005866E0 /* Debug */ = {
			isa = XCBuildConfiguration;
			buildSettings = {
				ALWAYS_SEARCH_USER_PATHS = NO;
				CLANG_CXX_LANGUAGE_STANDARD = "gnu++0x";
				CLANG_CXX_LIBRARY = "libc++";
				CLANG_ENABLE_MODULES = YES;
				CLANG_ENABLE_OBJC_ARC = YES;
				CLANG_WARN_BOOL_CONVERSION = YES;
				CLANG_WARN_CONSTANT_CONVERSION = YES;
				CLANG_WARN_DIRECT_OBJC_ISA_USAGE = YES_ERROR;
				CLANG_WARN_EMPTY_BODY = YES;
				CLANG_WARN_ENUM_CONVERSION = YES;
				CLANG_WARN_INT_CONVERSION = YES;
				CLANG_WARN_OBJC_ROOT_CLASS = YES_ERROR;
				CLANG_WARN_UNREACHABLE_CODE = YES;
				CLANG_WARN__DUPLICATE_METHOD_MATCH = YES;
				"CODE_SIGN_IDENTITY[sdk=iphoneos*]" = "iPhone Developer";
				COPY_PHASE_STRIP = NO;
				DEBUG_INFORMATION_FORMAT = "dwarf-with-dsym";
				ENABLE_STRICT_OBJC_MSGSEND = YES;
				GCC_C_LANGUAGE_STANDARD = gnu99;
				GCC_DYNAMIC_NO_PIC = NO;
				GCC_NO_COMMON_BLOCKS = YES;
				GCC_OPTIMIZATION_LEVEL = 0;
				GCC_PREPROCESSOR_DEFINITIONS = (
					"DEBUG=1",
					"$(inherited)",
				);
				GCC_SYMBOLS_PRIVATE_EXTERN = NO;
				GCC_WARN_64_TO_32_BIT_CONVERSION = YES;
				GCC_WARN_ABOUT_RETURN_TYPE = YES_ERROR;
				GCC_WARN_UNDECLARED_SELECTOR = YES;
				GCC_WARN_UNINITIALIZED_AUTOS = YES_AGGRESSIVE;
				GCC_WARN_UNUSED_FUNCTION = YES;
				GCC_WARN_UNUSED_VARIABLE = YES;
				IPHONEOS_DEPLOYMENT_TARGET = 8.4;
				MTL_ENABLE_DEBUG_INFO = YES;
				ONLY_ACTIVE_ARCH = YES;
				SDKROOT = iphoneos;
				SWIFT_OPTIMIZATION_LEVEL = "-Onone";
			};
			name = Debug;
		};
		C90014921B5F80D7005866E0 /* Release */ = {
			isa = XCBuildConfiguration;
			buildSettings = {
				ALWAYS_SEARCH_USER_PATHS = NO;
				CLANG_CXX_LANGUAGE_STANDARD = "gnu++0x";
				CLANG_CXX_LIBRARY = "libc++";
				CLANG_ENABLE_MODULES = YES;
				CLANG_ENABLE_OBJC_ARC = YES;
				CLANG_WARN_BOOL_CONVERSION = YES;
				CLANG_WARN_CONSTANT_CONVERSION = YES;
				CLANG_WARN_DIRECT_OBJC_ISA_USAGE = YES_ERROR;
				CLANG_WARN_EMPTY_BODY = YES;
				CLANG_WARN_ENUM_CONVERSION = YES;
				CLANG_WARN_INT_CONVERSION = YES;
				CLANG_WARN_OBJC_ROOT_CLASS = YES_ERROR;
				CLANG_WARN_UNREACHABLE_CODE = YES;
				CLANG_WARN__DUPLICATE_METHOD_MATCH = YES;
				"CODE_SIGN_IDENTITY[sdk=iphoneos*]" = "iPhone Developer";
				COPY_PHASE_STRIP = NO;
				DEBUG_INFORMATION_FORMAT = "dwarf-with-dsym";
				ENABLE_NS_ASSERTIONS = NO;
				ENABLE_STRICT_OBJC_MSGSEND = YES;
				GCC_C_LANGUAGE_STANDARD = gnu99;
				GCC_NO_COMMON_BLOCKS = YES;
				GCC_WARN_64_TO_32_BIT_CONVERSION = YES;
				GCC_WARN_ABOUT_RETURN_TYPE = YES_ERROR;
				GCC_WARN_UNDECLARED_SELECTOR = YES;
				GCC_WARN_UNINITIALIZED_AUTOS = YES_AGGRESSIVE;
				GCC_WARN_UNUSED_FUNCTION = YES;
				GCC_WARN_UNUSED_VARIABLE = YES;
				IPHONEOS_DEPLOYMENT_TARGET = 8.4;
				MTL_ENABLE_DEBUG_INFO = NO;
				SDKROOT = iphoneos;
				VALIDATE_PRODUCT = YES;
			};
			name = Release;
		};
		C90014941B5F80D7005866E0 /* Debug */ = {
			isa = XCBuildConfiguration;
			buildSettings = {
				ASSETCATALOG_COMPILER_APPICON_NAME = AppIcon;
				INFOPLIST_FILE = "Virtual Turist/Info.plist";
				LD_RUNPATH_SEARCH_PATHS = "$(inherited) @executable_path/Frameworks";
				PRODUCT_NAME = "$(TARGET_NAME)";
			};
			name = Debug;
		};
		C90014951B5F80D7005866E0 /* Release */ = {
			isa = XCBuildConfiguration;
			buildSettings = {
				ASSETCATALOG_COMPILER_APPICON_NAME = AppIcon;
				INFOPLIST_FILE = "Virtual Turist/Info.plist";
				LD_RUNPATH_SEARCH_PATHS = "$(inherited) @executable_path/Frameworks";
				PRODUCT_NAME = "$(TARGET_NAME)";
			};
			name = Release;
		};
		C90014971B5F80D7005866E0 /* Debug */ = {
			isa = XCBuildConfiguration;
			buildSettings = {
				BUNDLE_LOADER = "$(TEST_HOST)";
				FRAMEWORK_SEARCH_PATHS = (
					"$(SDKROOT)/Developer/Library/Frameworks",
					"$(inherited)",
				);
				GCC_PREPROCESSOR_DEFINITIONS = (
					"DEBUG=1",
					"$(inherited)",
				);
				INFOPLIST_FILE = "Virtual TuristTests/Info.plist";
				LD_RUNPATH_SEARCH_PATHS = "$(inherited) @executable_path/Frameworks @loader_path/Frameworks";
				PRODUCT_NAME = "$(TARGET_NAME)";
				TEST_HOST = "$(BUILT_PRODUCTS_DIR)/Virtual Turist.app/Virtual Turist";
			};
			name = Debug;
		};
		C90014981B5F80D7005866E0 /* Release */ = {
			isa = XCBuildConfiguration;
			buildSettings = {
				BUNDLE_LOADER = "$(TEST_HOST)";
				FRAMEWORK_SEARCH_PATHS = (
					"$(SDKROOT)/Developer/Library/Frameworks",
					"$(inherited)",
				);
				INFOPLIST_FILE = "Virtual TuristTests/Info.plist";
				LD_RUNPATH_SEARCH_PATHS = "$(inherited) @executable_path/Frameworks @loader_path/Frameworks";
				PRODUCT_NAME = "$(TARGET_NAME)";
				TEST_HOST = "$(BUILT_PRODUCTS_DIR)/Virtual Turist.app/Virtual Turist";
			};
			name = Release;
		};
/* End XCBuildConfiguration section */

/* Begin XCConfigurationList section */
		C900146F1B5F80D7005866E0 /* Build configuration list for PBXProject "Virtual Turist" */ = {
			isa = XCConfigurationList;
			buildConfigurations = (
				C90014911B5F80D7005866E0 /* Debug */,
				C90014921B5F80D7005866E0 /* Release */,
			);
			defaultConfigurationIsVisible = 0;
			defaultConfigurationName = Release;
		};
		C90014931B5F80D7005866E0 /* Build configuration list for PBXNativeTarget "Virtual Turist" */ = {
			isa = XCConfigurationList;
			buildConfigurations = (
				C90014941B5F80D7005866E0 /* Debug */,
				C90014951B5F80D7005866E0 /* Release */,
			);
			defaultConfigurationIsVisible = 0;
		};
		C90014961B5F80D7005866E0 /* Build configuration list for PBXNativeTarget "Virtual TuristTests" */ = {
			isa = XCConfigurationList;
			buildConfigurations = (
				C90014971B5F80D7005866E0 /* Debug */,
				C90014981B5F80D7005866E0 /* Release */,
			);
			defaultConfigurationIsVisible = 0;
		};
/* End XCConfigurationList section */
	};
	rootObject = C900146C1B5F80D7005866E0 /* Project object */;
}
