// !$*UTF8*$!
{
	archiveVersion = 1;
	classes = {
	};
	objectVersion = 46;
	objects = {

/* Begin PBXBuildFile section */
		684043341B6199D200E32133 /* TaskCancelingCollectionViewCell.swift in Sources */ = {isa = PBXBuildFile; fileRef = 684043331B6199D200E32133 /* TaskCancelingCollectionViewCell.swift */; };
		68A845781B5FEE85007C1735 /* Images.xcassets in Resources */ = {isa = PBXBuildFile; fileRef = 68A845771B5FEE85007C1735 /* Images.xcassets */; };
		68A8457B1B5FEE85007C1735 /* LaunchScreen.xib in Resources */ = {isa = PBXBuildFile; fileRef = 68A845791B5FEE85007C1735 /* LaunchScreen.xib */; };
		68A845871B5FEE85007C1735 /* Virtual_TouristTests.swift in Sources */ = {isa = PBXBuildFile; fileRef = 68A845861B5FEE85007C1735 /* Virtual_TouristTests.swift */; };
		68A845911B5FEEC2007C1735 /* AppDelegate.swift in Sources */ = {isa = PBXBuildFile; fileRef = 68A845901B5FEEC2007C1735 /* AppDelegate.swift */; };
		68A845931B5FEECA007C1735 /* CustomCollectionViewCell.swift in Sources */ = {isa = PBXBuildFile; fileRef = 68A845921B5FEECA007C1735 /* CustomCollectionViewCell.swift */; };
		68A845971B5FEED8007C1735 /* MapViewController.swift in Sources */ = {isa = PBXBuildFile; fileRef = 68A845941B5FEED8007C1735 /* MapViewController.swift */; };
		68A845981B5FEED8007C1735 /* PinDetailViewController.swift in Sources */ = {isa = PBXBuildFile; fileRef = 68A845951B5FEED8007C1735 /* PinDetailViewController.swift */; };
		68A845991B5FEED8007C1735 /* VTAnnotation.swift in Sources */ = {isa = PBXBuildFile; fileRef = 68A845961B5FEED8007C1735 /* VTAnnotation.swift */; };
		68A8459B1B5FEEE4007C1735 /* Main.storyboard in Resources */ = {isa = PBXBuildFile; fileRef = 68A8459A1B5FEEE4007C1735 /* Main.storyboard */; };
		68A8459D1B5FF482007C1735 /* VTConstants.swift in Sources */ = {isa = PBXBuildFile; fileRef = 68A8459C1B5FF482007C1735 /* VTConstants.swift */; };
		68A845A41B602141007C1735 /* Pin.swift in Sources */ = {isa = PBXBuildFile; fileRef = 68A845A31B602141007C1735 /* Pin.swift */; };
		68A845A61B6021FA007C1735 /* Photo.swift in Sources */ = {isa = PBXBuildFile; fileRef = 68A845A51B6021FA007C1735 /* Photo.swift */; };
		68A845A81B602317007C1735 /* ImageCache.swift in Sources */ = {isa = PBXBuildFile; fileRef = 68A845A71B602317007C1735 /* ImageCache.swift */; };
		68A845AA1B60237D007C1735 /* Flickr.swift in Sources */ = {isa = PBXBuildFile; fileRef = 68A845A91B60237D007C1735 /* Flickr.swift */; };
		68A845AC1B6024AF007C1735 /* Flickr-Constants.swift in Sources */ = {isa = PBXBuildFile; fileRef = 68A845AB1B6024AF007C1735 /* Flickr-Constants.swift */; };
		68F94A291B614AA5003C8161 /* Flickr-Convenience.swift in Sources */ = {isa = PBXBuildFile; fileRef = 68F94A281B614AA5003C8161 /* Flickr-Convenience.swift */; };
		C91B8EA51B9F39A6005BCF51 /* Utils.swift in Sources */ = {isa = PBXBuildFile; fileRef = C91B8EA41B9F39A6005BCF51 /* Utils.swift */; };
		C91B8EA71B9F4863005BCF51 /* VTAnnotationView.swift in Sources */ = {isa = PBXBuildFile; fileRef = C91B8EA61B9F4863005BCF51 /* VTAnnotationView.swift */; };
		C94C644D1B6A850000E45D5C /* Attraction.swift in Sources */ = {isa = PBXBuildFile; fileRef = C94C644C1B6A850000E45D5C /* Attraction.swift */; };
		C94C644F1B6AA4AC00E45D5C /* TODO.txt in Resources */ = {isa = PBXBuildFile; fileRef = C94C644E1B6AA4AC00E45D5C /* TODO.txt */; };
		C9EB7C9D1B69F3460093C383 /* Tixik.swift in Sources */ = {isa = PBXBuildFile; fileRef = C9EB7C9C1B69F3460093C383 /* Tixik.swift */; };
		C9EB7C9F1B6A11730093C383 /* ATAnnotation.swift in Sources */ = {isa = PBXBuildFile; fileRef = C9EB7C9E1B6A11730093C383 /* ATAnnotation.swift */; };
		C9FB8EB21B648E3C00DD945E /* CoreDataStackManager.swift in Sources */ = {isa = PBXBuildFile; fileRef = C9FB8EB11B648E3C00DD945E /* CoreDataStackManager.swift */; };
		C9FB8EB51B648F9800DD945E /* Model.xcdatamodeld in Sources */ = {isa = PBXBuildFile; fileRef = C9FB8EB31B648F9800DD945E /* Model.xcdatamodeld */; };
/* End PBXBuildFile section */

/* Begin PBXContainerItemProxy section */
		68A845811B5FEE85007C1735 /* PBXContainerItemProxy */ = {
			isa = PBXContainerItemProxy;
			containerPortal = 68A845631B5FEE84007C1735 /* Project object */;
			proxyType = 1;
			remoteGlobalIDString = 68A8456A1B5FEE84007C1735;
			remoteInfo = "Virtual Tourist";
		};
/* End PBXContainerItemProxy section */

/* Begin PBXFileReference section */
		684043331B6199D200E32133 /* TaskCancelingCollectionViewCell.swift */ = {isa = PBXFileReference; fileEncoding = 4; lastKnownFileType = sourcecode.swift; path = TaskCancelingCollectionViewCell.swift; sourceTree = "<group>"; };
		68A8456B1B5FEE84007C1735 /* Virtual Tourist.app */ = {isa = PBXFileReference; explicitFileType = wrapper.application; includeInIndex = 0; path = "Virtual Tourist.app"; sourceTree = BUILT_PRODUCTS_DIR; };
		68A8456F1B5FEE85007C1735 /* Info.plist */ = {isa = PBXFileReference; lastKnownFileType = text.plist.xml; path = Info.plist; sourceTree = "<group>"; };
		68A845771B5FEE85007C1735 /* Images.xcassets */ = {isa = PBXFileReference; lastKnownFileType = folder.assetcatalog; path = Images.xcassets; sourceTree = "<group>"; };
		68A8457A1B5FEE85007C1735 /* Base */ = {isa = PBXFileReference; lastKnownFileType = file.xib; name = Base; path = Base.lproj/LaunchScreen.xib; sourceTree = "<group>"; };
		68A845801B5FEE85007C1735 /* Virtual TouristTests.xctest */ = {isa = PBXFileReference; explicitFileType = wrapper.cfbundle; includeInIndex = 0; path = "Virtual TouristTests.xctest"; sourceTree = BUILT_PRODUCTS_DIR; };
		68A845851B5FEE85007C1735 /* Info.plist */ = {isa = PBXFileReference; lastKnownFileType = text.plist.xml; path = Info.plist; sourceTree = "<group>"; };
		68A845861B5FEE85007C1735 /* Virtual_TouristTests.swift */ = {isa = PBXFileReference; lastKnownFileType = sourcecode.swift; path = Virtual_TouristTests.swift; sourceTree = "<group>"; };
		68A845901B5FEEC2007C1735 /* AppDelegate.swift */ = {isa = PBXFileReference; fileEncoding = 4; lastKnownFileType = sourcecode.swift; path = AppDelegate.swift; sourceTree = "<group>"; };
		68A845921B5FEECA007C1735 /* CustomCollectionViewCell.swift */ = {isa = PBXFileReference; fileEncoding = 4; lastKnownFileType = sourcecode.swift; path = CustomCollectionViewCell.swift; sourceTree = "<group>"; };
		68A845941B5FEED8007C1735 /* MapViewController.swift */ = {isa = PBXFileReference; fileEncoding = 4; lastKnownFileType = sourcecode.swift; path = MapViewController.swift; sourceTree = "<group>"; };
		68A845951B5FEED8007C1735 /* PinDetailViewController.swift */ = {isa = PBXFileReference; fileEncoding = 4; lastKnownFileType = sourcecode.swift; path = PinDetailViewController.swift; sourceTree = "<group>"; };
		68A845961B5FEED8007C1735 /* VTAnnotation.swift */ = {isa = PBXFileReference; fileEncoding = 4; lastKnownFileType = sourcecode.swift; path = VTAnnotation.swift; sourceTree = "<group>"; };
		68A8459A1B5FEEE4007C1735 /* Main.storyboard */ = {isa = PBXFileReference; fileEncoding = 4; lastKnownFileType = file.storyboard; path = Main.storyboard; sourceTree = "<group>"; };
		68A8459C1B5FF482007C1735 /* VTConstants.swift */ = {isa = PBXFileReference; fileEncoding = 4; lastKnownFileType = sourcecode.swift; path = VTConstants.swift; sourceTree = "<group>"; };
		68A845A31B602141007C1735 /* Pin.swift */ = {isa = PBXFileReference; fileEncoding = 4; lastKnownFileType = sourcecode.swift; path = Pin.swift; sourceTree = "<group>"; };
		68A845A51B6021FA007C1735 /* Photo.swift */ = {isa = PBXFileReference; fileEncoding = 4; lastKnownFileType = sourcecode.swift; path = Photo.swift; sourceTree = "<group>"; };
		68A845A71B602317007C1735 /* ImageCache.swift */ = {isa = PBXFileReference; fileEncoding = 4; lastKnownFileType = sourcecode.swift; path = ImageCache.swift; sourceTree = "<group>"; };
		68A845A91B60237D007C1735 /* Flickr.swift */ = {isa = PBXFileReference; fileEncoding = 4; lastKnownFileType = sourcecode.swift; path = Flickr.swift; sourceTree = "<group>"; };
		68A845AB1B6024AF007C1735 /* Flickr-Constants.swift */ = {isa = PBXFileReference; fileEncoding = 4; lastKnownFileType = sourcecode.swift; path = "Flickr-Constants.swift"; sourceTree = "<group>"; };
		68F94A281B614AA5003C8161 /* Flickr-Convenience.swift */ = {isa = PBXFileReference; fileEncoding = 4; lastKnownFileType = sourcecode.swift; path = "Flickr-Convenience.swift"; sourceTree = "<group>"; };
		C91B8EA41B9F39A6005BCF51 /* Utils.swift */ = {isa = PBXFileReference; fileEncoding = 4; lastKnownFileType = sourcecode.swift; path = Utils.swift; sourceTree = "<group>"; };
		C91B8EA61B9F4863005BCF51 /* VTAnnotationView.swift */ = {isa = PBXFileReference; fileEncoding = 4; lastKnownFileType = sourcecode.swift; path = VTAnnotationView.swift; sourceTree = "<group>"; };
		C94C644C1B6A850000E45D5C /* Attraction.swift */ = {isa = PBXFileReference; fileEncoding = 4; lastKnownFileType = sourcecode.swift; path = Attraction.swift; sourceTree = "<group>"; };
		C94C644E1B6AA4AC00E45D5C /* TODO.txt */ = {isa = PBXFileReference; fileEncoding = 4; lastKnownFileType = text; path = TODO.txt; sourceTree = "<group>"; };
		C9EB7C9C1B69F3460093C383 /* Tixik.swift */ = {isa = PBXFileReference; fileEncoding = 4; lastKnownFileType = sourcecode.swift; path = Tixik.swift; sourceTree = "<group>"; };
		C9EB7C9E1B6A11730093C383 /* ATAnnotation.swift */ = {isa = PBXFileReference; fileEncoding = 4; lastKnownFileType = sourcecode.swift; path = ATAnnotation.swift; sourceTree = "<group>"; };
		C9FB8EB11B648E3C00DD945E /* CoreDataStackManager.swift */ = {isa = PBXFileReference; fileEncoding = 4; lastKnownFileType = sourcecode.swift; path = CoreDataStackManager.swift; sourceTree = "<group>"; };
		C9FB8EB41B648F9800DD945E /* Model.xcdatamodel */ = {isa = PBXFileReference; lastKnownFileType = wrapper.xcdatamodel; path = Model.xcdatamodel; sourceTree = "<group>"; };
/* End PBXFileReference section */

/* Begin PBXFrameworksBuildPhase section */
		68A845681B5FEE84007C1735 /* Frameworks */ = {
			isa = PBXFrameworksBuildPhase;
			buildActionMask = 2147483647;
			files = (
			);
			runOnlyForDeploymentPostprocessing = 0;
		};
		68A8457D1B5FEE85007C1735 /* Frameworks */ = {
			isa = PBXFrameworksBuildPhase;
			buildActionMask = 2147483647;
			files = (
			);
			runOnlyForDeploymentPostprocessing = 0;
		};
/* End PBXFrameworksBuildPhase section */

/* Begin PBXGroup section */
		68A845621B5FEE84007C1735 = {
			isa = PBXGroup;
			children = (
				68A8456D1B5FEE84007C1735 /* Virtual Tourist */,
				68A845831B5FEE85007C1735 /* Virtual TouristTests */,
				68A8456C1B5FEE84007C1735 /* Products */,
			);
			sourceTree = "<group>";
		};
		68A8456C1B5FEE84007C1735 /* Products */ = {
			isa = PBXGroup;
			children = (
				68A8456B1B5FEE84007C1735 /* Virtual Tourist.app */,
				68A845801B5FEE85007C1735 /* Virtual TouristTests.xctest */,
			);
			name = Products;
			sourceTree = "<group>";
		};
		68A8456D1B5FEE84007C1735 /* Virtual Tourist */ = {
			isa = PBXGroup;
			children = (
				68A8459F1B602062007C1735 /* Model */,
				68A845941B5FEED8007C1735 /* MapViewController.swift */,
				68A845951B5FEED8007C1735 /* PinDetailViewController.swift */,
				684043331B6199D200E32133 /* TaskCancelingCollectionViewCell.swift */,
				68A845961B5FEED8007C1735 /* VTAnnotation.swift */,
				C91B8EA61B9F4863005BCF51 /* VTAnnotationView.swift */,
				C9EB7C9E1B6A11730093C383 /* ATAnnotation.swift */,
				68A845901B5FEEC2007C1735 /* AppDelegate.swift */,
				68A845921B5FEECA007C1735 /* CustomCollectionViewCell.swift */,
				68A845771B5FEE85007C1735 /* Images.xcassets */,
				68A8459A1B5FEEE4007C1735 /* Main.storyboard */,
				68A845791B5FEE85007C1735 /* LaunchScreen.xib */,
				68A8456E1B5FEE85007C1735 /* Supporting Files */,
				68A8459C1B5FF482007C1735 /* VTConstants.swift */,
				C91B8EA41B9F39A6005BCF51 /* Utils.swift */,
				C94C644E1B6AA4AC00E45D5C /* TODO.txt */,
			);
			path = "Virtual Tourist";
			sourceTree = "<group>";
		};
		68A8456E1B5FEE85007C1735 /* Supporting Files */ = {
			isa = PBXGroup;
			children = (
				68A8456F1B5FEE85007C1735 /* Info.plist */,
			);
			name = "Supporting Files";
			sourceTree = "<group>";
		};
		68A845831B5FEE85007C1735 /* Virtual TouristTests */ = {
			isa = PBXGroup;
			children = (
				68A845861B5FEE85007C1735 /* Virtual_TouristTests.swift */,
				68A845841B5FEE85007C1735 /* Supporting Files */,
			);
			path = "Virtual TouristTests";
			sourceTree = "<group>";
		};
		68A845841B5FEE85007C1735 /* Supporting Files */ = {
			isa = PBXGroup;
			children = (
				68A845851B5FEE85007C1735 /* Info.plist */,
			);
			name = "Supporting Files";
			sourceTree = "<group>";
		};
		68A8459F1B602062007C1735 /* Model */ = {
			isa = PBXGroup;
			children = (
				C9EB7C9B1B69F3270093C383 /* TIXIK */,
				C9FB8EB31B648F9800DD945E /* Model.xcdatamodeld */,
				68A845A21B602116007C1735 /* Flicker */,
			);
			name = Model;
			sourceTree = "<group>";
		};
		68A845A21B602116007C1735 /* Flicker */ = {
			isa = PBXGroup;
			children = (
				68A845A31B602141007C1735 /* Pin.swift */,
				68A845A51B6021FA007C1735 /* Photo.swift */,
				C9FB8EB11B648E3C00DD945E /* CoreDataStackManager.swift */,
				68A845A71B602317007C1735 /* ImageCache.swift */,
				68A845A91B60237D007C1735 /* Flickr.swift */,
				68F94A281B614AA5003C8161 /* Flickr-Convenience.swift */,
				68A845AB1B6024AF007C1735 /* Flickr-Constants.swift */,
			);
			name = Flicker;
			sourceTree = "<group>";
		};
		C9EB7C9B1B69F3270093C383 /* TIXIK */ = {
			isa = PBXGroup;
			children = (
				C9EB7C9C1B69F3460093C383 /* Tixik.swift */,
				C94C644C1B6A850000E45D5C /* Attraction.swift */,
			);
			name = TIXIK;
			sourceTree = "<group>";
		};
/* End PBXGroup section */

/* Begin PBXNativeTarget section */
		68A8456A1B5FEE84007C1735 /* Virtual Tourist */ = {
			isa = PBXNativeTarget;
			buildConfigurationList = 68A8458A1B5FEE85007C1735 /* Build configuration list for PBXNativeTarget "Virtual Tourist" */;
			buildPhases = (
				68A845671B5FEE84007C1735 /* Sources */,
				68A845681B5FEE84007C1735 /* Frameworks */,
				68A845691B5FEE84007C1735 /* Resources */,
			);
			buildRules = (
			);
			dependencies = (
			);
			name = "Virtual Tourist";
			productName = "Virtual Tourist";
			productReference = 68A8456B1B5FEE84007C1735 /* Virtual Tourist.app */;
			productType = "com.apple.product-type.application";
		};
		68A8457F1B5FEE85007C1735 /* Virtual TouristTests */ = {
			isa = PBXNativeTarget;
			buildConfigurationList = 68A8458D1B5FEE85007C1735 /* Build configuration list for PBXNativeTarget "Virtual TouristTests" */;
			buildPhases = (
				68A8457C1B5FEE85007C1735 /* Sources */,
				68A8457D1B5FEE85007C1735 /* Frameworks */,
				68A8457E1B5FEE85007C1735 /* Resources */,
			);
			buildRules = (
			);
			dependencies = (
				68A845821B5FEE85007C1735 /* PBXTargetDependency */,
			);
			name = "Virtual TouristTests";
			productName = "Virtual TouristTests";
			productReference = 68A845801B5FEE85007C1735 /* Virtual TouristTests.xctest */;
			productType = "com.apple.product-type.bundle.unit-test";
		};
/* End PBXNativeTarget section */

/* Begin PBXProject section */
		68A845631B5FEE84007C1735 /* Project object */ = {
			isa = PBXProject;
			attributes = {
				LastUpgradeCheck = 0630;
				ORGANIZATIONNAME = "Kinan Turman";
				TargetAttributes = {
					68A8456A1B5FEE84007C1735 = {
						CreatedOnToolsVersion = 6.3.1;
						DevelopmentTeam = 3J77CD7CN3;
					};
					68A8457F1B5FEE85007C1735 = {
						CreatedOnToolsVersion = 6.3.1;
						TestTargetID = 68A8456A1B5FEE84007C1735;
					};
				};
			};
			buildConfigurationList = 68A845661B5FEE84007C1735 /* Build configuration list for PBXProject "Virtual Tourist" */;
			compatibilityVersion = "Xcode 3.2";
			developmentRegion = English;
			hasScannedForEncodings = 0;
			knownRegions = (
				en,
				Base,
			);
			mainGroup = 68A845621B5FEE84007C1735;
			productRefGroup = 68A8456C1B5FEE84007C1735 /* Products */;
			projectDirPath = "";
			projectRoot = "";
			targets = (
				68A8456A1B5FEE84007C1735 /* Virtual Tourist */,
				68A8457F1B5FEE85007C1735 /* Virtual TouristTests */,
			);
		};
/* End PBXProject section */

/* Begin PBXResourcesBuildPhase section */
		68A845691B5FEE84007C1735 /* Resources */ = {
			isa = PBXResourcesBuildPhase;
			buildActionMask = 2147483647;
			files = (
				C94C644F1B6AA4AC00E45D5C /* TODO.txt in Resources */,
				68A8459B1B5FEEE4007C1735 /* Main.storyboard in Resources */,
				68A8457B1B5FEE85007C1735 /* LaunchScreen.xib in Resources */,
				68A845781B5FEE85007C1735 /* Images.xcassets in Resources */,
			);
			runOnlyForDeploymentPostprocessing = 0;
		};
		68A8457E1B5FEE85007C1735 /* Resources */ = {
			isa = PBXResourcesBuildPhase;
			buildActionMask = 2147483647;
			files = (
			);
			runOnlyForDeploymentPostprocessing = 0;
		};
/* End PBXResourcesBuildPhase section */

/* Begin PBXSourcesBuildPhase section */
		68A845671B5FEE84007C1735 /* Sources */ = {
			isa = PBXSourcesBuildPhase;
			buildActionMask = 2147483647;
			files = (
				68A845A61B6021FA007C1735 /* Photo.swift in Sources */,
				68A845A41B602141007C1735 /* Pin.swift in Sources */,
				C9FB8EB51B648F9800DD945E /* Model.xcdatamodeld in Sources */,
				68A845AA1B60237D007C1735 /* Flickr.swift in Sources */,
				C94C644D1B6A850000E45D5C /* Attraction.swift in Sources */,
				C9FB8EB21B648E3C00DD945E /* CoreDataStackManager.swift in Sources */,
				68A845991B5FEED8007C1735 /* VTAnnotation.swift in Sources */,
				684043341B6199D200E32133 /* TaskCancelingCollectionViewCell.swift in Sources */,
				68A845A81B602317007C1735 /* ImageCache.swift in Sources */,
				C91B8EA71B9F4863005BCF51 /* VTAnnotationView.swift in Sources */,
				68A845911B5FEEC2007C1735 /* AppDelegate.swift in Sources */,
				68A845981B5FEED8007C1735 /* PinDetailViewController.swift in Sources */,
				68A8459D1B5FF482007C1735 /* VTConstants.swift in Sources */,
				68F94A291B614AA5003C8161 /* Flickr-Convenience.swift in Sources */,
				68A845971B5FEED8007C1735 /* MapViewController.swift in Sources */,
				C9EB7C9F1B6A11730093C383 /* ATAnnotation.swift in Sources */,
				68A845931B5FEECA007C1735 /* CustomCollectionViewCell.swift in Sources */,
				68A845AC1B6024AF007C1735 /* Flickr-Constants.swift in Sources */,
				C91B8EA51B9F39A6005BCF51 /* Utils.swift in Sources */,
				C9EB7C9D1B69F3460093C383 /* Tixik.swift in Sources */,
			);
			runOnlyForDeploymentPostprocessing = 0;
		};
		68A8457C1B5FEE85007C1735 /* Sources */ = {
			isa = PBXSourcesBuildPhase;
			buildActionMask = 2147483647;
			files = (
				68A845871B5FEE85007C1735 /* Virtual_TouristTests.swift in Sources */,
			);
			runOnlyForDeploymentPostprocessing = 0;
		};
/* End PBXSourcesBuildPhase section */

/* Begin PBXTargetDependency section */
		68A845821B5FEE85007C1735 /* PBXTargetDependency */ = {
			isa = PBXTargetDependency;
			target = 68A8456A1B5FEE84007C1735 /* Virtual Tourist */;
			targetProxy = 68A845811B5FEE85007C1735 /* PBXContainerItemProxy */;
		};
/* End PBXTargetDependency section */

/* Begin PBXVariantGroup section */
		68A845791B5FEE85007C1735 /* LaunchScreen.xib */ = {
			isa = PBXVariantGroup;
			children = (
				68A8457A1B5FEE85007C1735 /* Base */,
			);
			name = LaunchScreen.xib;
			sourceTree = "<group>";
		};
/* End PBXVariantGroup section */

/* Begin XCBuildConfiguration section */
		68A845881B5FEE85007C1735 /* Debug */ = {
			isa = XCBuildConfiguration;
			buildSettings = {
				ALWAYS_SEARCH_USER_PATHS = NO;
				CLANG_CXX_LANGUAGE_STANDARD = "gnu++0x";
				CLANG_CXX_LIBRARY = "libc++";
				CLANG_ENABLE_MODULES = YES;
				CLANG_ENABLE_OBJC_ARC = YES;
				CLANG_WARN_BOOL_CONVERSION = YES;
				CLANG_WARN_CONSTANT_CONVERSION = YES;
				CLANG_WARN_DIRECT_OBJC_ISA_USAGE = YES_ERROR;
				CLANG_WARN_EMPTY_BODY = YES;
				CLANG_WARN_ENUM_CONVERSION = YES;
				CLANG_WARN_INT_CONVERSION = YES;
				CLANG_WARN_OBJC_ROOT_CLASS = YES_ERROR;
				CLANG_WARN_UNREACHABLE_CODE = YES;
				CLANG_WARN__DUPLICATE_METHOD_MATCH = YES;
				"CODE_SIGN_IDENTITY[sdk=iphoneos*]" = "iPhone Developer";
				COPY_PHASE_STRIP = NO;
				DEBUG_INFORMATION_FORMAT = "dwarf-with-dsym";
				ENABLE_STRICT_OBJC_MSGSEND = YES;
				GCC_C_LANGUAGE_STANDARD = gnu99;
				GCC_DYNAMIC_NO_PIC = NO;
				GCC_NO_COMMON_BLOCKS = YES;
				GCC_OPTIMIZATION_LEVEL = 0;
				GCC_PREPROCESSOR_DEFINITIONS = (
					"DEBUG=1",
					"$(inherited)",
				);
				GCC_SYMBOLS_PRIVATE_EXTERN = NO;
				GCC_WARN_64_TO_32_BIT_CONVERSION = YES;
				GCC_WARN_ABOUT_RETURN_TYPE = YES_ERROR;
				GCC_WARN_UNDECLARED_SELECTOR = YES;
				GCC_WARN_UNINITIALIZED_AUTOS = YES_AGGRESSIVE;
				GCC_WARN_UNUSED_FUNCTION = YES;
				GCC_WARN_UNUSED_VARIABLE = YES;
				IPHONEOS_DEPLOYMENT_TARGET = 8.3;
				MTL_ENABLE_DEBUG_INFO = YES;
				ONLY_ACTIVE_ARCH = YES;
				SDKROOT = iphoneos;
				SWIFT_OPTIMIZATION_LEVEL = "-Onone";
			};
			name = Debug;
		};
		68A845891B5FEE85007C1735 /* Release */ = {
			isa = XCBuildConfiguration;
			buildSettings = {
				ALWAYS_SEARCH_USER_PATHS = NO;
				CLANG_CXX_LANGUAGE_STANDARD = "gnu++0x";
				CLANG_CXX_LIBRARY = "libc++";
				CLANG_ENABLE_MODULES = YES;
				CLANG_ENABLE_OBJC_ARC = YES;
				CLANG_WARN_BOOL_CONVERSION = YES;
				CLANG_WARN_CONSTANT_CONVERSION = YES;
				CLANG_WARN_DIRECT_OBJC_ISA_USAGE = YES_ERROR;
				CLANG_WARN_EMPTY_BODY = YES;
				CLANG_WARN_ENUM_CONVERSION = YES;
				CLANG_WARN_INT_CONVERSION = YES;
				CLANG_WARN_OBJC_ROOT_CLASS = YES_ERROR;
				CLANG_WARN_UNREACHABLE_CODE = YES;
				CLANG_WARN__DUPLICATE_METHOD_MATCH = YES;
				"CODE_SIGN_IDENTITY[sdk=iphoneos*]" = "iPhone Developer";
				COPY_PHASE_STRIP = NO;
				DEBUG_INFORMATION_FORMAT = "dwarf-with-dsym";
				ENABLE_NS_ASSERTIONS = NO;
				ENABLE_STRICT_OBJC_MSGSEND = YES;
				GCC_C_LANGUAGE_STANDARD = gnu99;
				GCC_NO_COMMON_BLOCKS = YES;
				GCC_WARN_64_TO_32_BIT_CONVERSION = YES;
				GCC_WARN_ABOUT_RETURN_TYPE = YES_ERROR;
				GCC_WARN_UNDECLARED_SELECTOR = YES;
				GCC_WARN_UNINITIALIZED_AUTOS = YES_AGGRESSIVE;
				GCC_WARN_UNUSED_FUNCTION = YES;
				GCC_WARN_UNUSED_VARIABLE = YES;
				IPHONEOS_DEPLOYMENT_TARGET = 8.3;
				MTL_ENABLE_DEBUG_INFO = NO;
				SDKROOT = iphoneos;
				VALIDATE_PRODUCT = YES;
			};
			name = Release;
		};
		68A8458B1B5FEE85007C1735 /* Debug */ = {
			isa = XCBuildConfiguration;
			buildSettings = {
				ASSETCATALOG_COMPILER_APPICON_NAME = AppIcon;
				CLANG_ENABLE_MODULES = YES;
				CODE_SIGN_IDENTITY = "iPhone Developer";
				"CODE_SIGN_IDENTITY[sdk=iphoneos*]" = "iPhone Developer";
				INFOPLIST_FILE = "Virtual Tourist/Info.plist";
				LD_RUNPATH_SEARCH_PATHS = "$(inherited) @executable_path/Frameworks";
				PRODUCT_NAME = "$(TARGET_NAME)";
				PROVISIONING_PROFILE = "";
				SWIFT_OPTIMIZATION_LEVEL = "-Onone";
			};
			name = Debug;
		};
		68A8458C1B5FEE85007C1735 /* Release */ = {
			isa = XCBuildConfiguration;
			buildSettings = {
				ASSETCATALOG_COMPILER_APPICON_NAME = AppIcon;
				CLANG_ENABLE_MODULES = YES;
				CODE_SIGN_IDENTITY = "iPhone Developer";
				"CODE_SIGN_IDENTITY[sdk=iphoneos*]" = "iPhone Developer";
				INFOPLIST_FILE = "Virtual Tourist/Info.plist";
				LD_RUNPATH_SEARCH_PATHS = "$(inherited) @executable_path/Frameworks";
				PRODUCT_NAME = "$(TARGET_NAME)";
				PROVISIONING_PROFILE = "";
			};
			name = Release;
		};
		68A8458E1B5FEE85007C1735 /* Debug */ = {
			isa = XCBuildConfiguration;
			buildSettings = {
				BUNDLE_LOADER = "$(TEST_HOST)";
				FRAMEWORK_SEARCH_PATHS = (
					"$(SDKROOT)/Developer/Library/Frameworks",
					"$(inherited)",
				);
				GCC_PREPROCESSOR_DEFINITIONS = (
					"DEBUG=1",
					"$(inherited)",
				);
				INFOPLIST_FILE = "Virtual TouristTests/Info.plist";
				LD_RUNPATH_SEARCH_PATHS = "$(inherited) @executable_path/Frameworks @loader_path/Frameworks";
				PRODUCT_NAME = "$(TARGET_NAME)";
				TEST_HOST = "$(BUILT_PRODUCTS_DIR)/Virtual Tourist.app/Virtual Tourist";
			};
			name = Debug;
		};
		68A8458F1B5FEE85007C1735 /* Release */ = {
			isa = XCBuildConfiguration;
			buildSettings = {
				BUNDLE_LOADER = "$(TEST_HOST)";
				FRAMEWORK_SEARCH_PATHS = (
					"$(SDKROOT)/Developer/Library/Frameworks",
					"$(inherited)",
				);
				INFOPLIST_FILE = "Virtual TouristTests/Info.plist";
				LD_RUNPATH_SEARCH_PATHS = "$(inherited) @executable_path/Frameworks @loader_path/Frameworks";
				PRODUCT_NAME = "$(TARGET_NAME)";
				TEST_HOST = "$(BUILT_PRODUCTS_DIR)/Virtual Tourist.app/Virtual Tourist";
			};
			name = Release;
		};
/* End XCBuildConfiguration section */

/* Begin XCConfigurationList section */
		68A845661B5FEE84007C1735 /* Build configuration list for PBXProject "Virtual Tourist" */ = {
			isa = XCConfigurationList;
			buildConfigurations = (
				68A845881B5FEE85007C1735 /* Debug */,
				68A845891B5FEE85007C1735 /* Release */,
			);
			defaultConfigurationIsVisible = 0;
			defaultConfigurationName = Release;
		};
		68A8458A1B5FEE85007C1735 /* Build configuration list for PBXNativeTarget "Virtual Tourist" */ = {
			isa = XCConfigurationList;
			buildConfigurations = (
				68A8458B1B5FEE85007C1735 /* Debug */,
				68A8458C1B5FEE85007C1735 /* Release */,
			);
			defaultConfigurationIsVisible = 0;
			defaultConfigurationName = Release;
		};
		68A8458D1B5FEE85007C1735 /* Build configuration list for PBXNativeTarget "Virtual TouristTests" */ = {
			isa = XCConfigurationList;
			buildConfigurations = (
				68A8458E1B5FEE85007C1735 /* Debug */,
				68A8458F1B5FEE85007C1735 /* Release */,
			);
			defaultConfigurationIsVisible = 0;
			defaultConfigurationName = Release;
		};
/* End XCConfigurationList section */

/* Begin XCVersionGroup section */
		C9FB8EB31B648F9800DD945E /* Model.xcdatamodeld */ = {
			isa = XCVersionGroup;
			children = (
				C9FB8EB41B648F9800DD945E /* Model.xcdatamodel */,
			);
			currentVersion = C9FB8EB41B648F9800DD945E /* Model.xcdatamodel */;
			path = Model.xcdatamodeld;
			sourceTree = "<group>";
			versionGroupType = wrapper.xcdatamodel;
		};
/* End XCVersionGroup section */
	};
	rootObject = 68A845631B5FEE84007C1735 /* Project object */;
}
